<?xml version="1.0" encoding="utf-8"?>
<Project ToolsVersion="4.0" xmlns="http://schemas.microsoft.com/developer/msbuild/2003">
  <ItemGroup>
    <ClCompile Include="Source.cpp" />
    <ClCompile Include="Tools\RandomGenerator.cpp">
      <Filter>Tools</Filter>
    </ClCompile>
    <ClCompile Include="Markov\Builder.cpp">
      <Filter>Markov</Filter>
    </ClCompile>
    <ClCompile Include="Markov\Chain.cpp">
      <Filter>Markov</Filter>
    </ClCompile>
    <ClCompile Include="Markov\StringConcat.cpp">
      <Filter>Markov</Filter>
    </ClCompile>
  </ItemGroup>
  <ItemGroup>
    <Filter Include="Tools">
      <UniqueIdentifier>{d33af63a-85c1-4364-9a8f-5a67ca3ae847}</UniqueIdentifier>
    </Filter>
    <Filter Include="Markov">
      <UniqueIdentifier>{48ffdc35-82bc-471e-ade7-f5efebe1ceae}</UniqueIdentifier>
    </Filter>
    <Filter Include="Chains">
      <UniqueIdentifier>{cb10d7ab-160d-47db-803d-e3d6549951c9}</UniqueIdentifier>
    </Filter>
  </ItemGroup>
  <ItemGroup>
    <ClInclude Include="Tools\RandomGenerator.h">
      <Filter>Tools</Filter>
    </ClInclude>
    <ClInclude Include="Markov\Arc.h">
      <Filter>Markov</Filter>
    </ClInclude>
    <ClInclude Include="Markov\Builder.h">
      <Filter>Markov</Filter>
    </ClInclude>
    <ClInclude Include="Markov\Chain.h">
      <Filter>Markov</Filter>
    </ClInclude>
    <ClInclude Include="Markov\IRunnable.h">
      <Filter>Markov</Filter>
    </ClInclude>
    <ClInclude Include="Markov\StringConcat.h">
      <Filter>Markov</Filter>
    </ClInclude>
  </ItemGroup>
  <ItemGroup>
    <Text Include="Chains\Arthas.txt">
      <Filter>Chains</Filter>
    </Text>
    <Text Include="Chains\DeathKnight.txt">
      <Filter>Chains</Filter>
    </Text>
    <Text Include="Chains\Paladin.txt">
      <Filter>Chains</Filter>
    </Text>
    <Text Include="Chains\Simple.txt">
      <Filter>Chains</Filter>
    </Text>
    <Text Include="Chains\Sweet.txt">
      <Filter>Chains</Filter>
    </Text>
    <Text Include="Chains\TestChain.txt">
      <Filter>Chains</Filter>
    </Text>
  </ItemGroup>
</Project>